{
  "name": "incibe-r01-svsm-plugins",
  "version": "1.0.0",
  "lockfileVersion": 3,
  "requires": true,
  "packages": {
    "": {
      "name": "incibe-r01-svsm-plugins",
      "version": "1.0.0",
      "license": "ISC",
      "workspaces": [
        "workspace/*"
      ]
    },
    "node_modules/@ddc-neoris/plugin-mongodb": {
      "resolved": "workspace/mongodb",
      "link": true
    },
    "node_modules/@ddc-neoris/plugin-mongodb-server": {
      "resolved": "workspace/mongodb-server",
      "link": true
    },
    "node_modules/@ddc-neoris/plugin-oracle": {
      "resolved": "workspace/oracle",
      "link": true
    },
    "node_modules/@ddc-neoris/plugin-oracle-backend": {
      "resolved": "workspace/oracle-backend",
      "link": true
    },
    "node_modules/@ddc-neoris/plugin-sql": {
      "resolved": "workspace/sql",
      "link": true
    },
    "node_modules/@ddc-neoris/plugin-sql-server": {
      "resolved": "workspace/sql-server",
      "link": true
    },
    "node_modules/@remix-run/router": {
      "version": "1.16.1",
      "resolved": "https://registry.npmjs.org/@remix-run/router/-/router-1.16.1.tgz",
      "integrity": "sha512-es2g3dq6Nb07iFxGk5GuHN20RwBZOsuDQN7izWIisUcv9r+d2C5jQxqmgkdebXgReWfiyUabcki6Fg77mSNrig==",
      "peer": true,
      "engines": {
        "node": ">=14.0.0"
      }
    },
    "node_modules/js-tokens": {
      "version": "4.0.0",
      "license": "MIT",
      "peer": true
    },
    "node_modules/loose-envify": {
      "version": "1.4.0",
      "license": "MIT",
      "peer": true,
      "dependencies": {
        "js-tokens": "^3.0.0 || ^4.0.0"
      },
      "bin": {
        "loose-envify": "cli.js"
      }
    },
    "node_modules/object-assign": {
      "version": "4.1.1",
      "license": "MIT",
      "peer": true,
      "engines": {
        "node": ">=0.10.0"
      }
    },
    "node_modules/react": {
      "version": "17.0.2",
      "resolved": "https://registry.npmjs.org/react/-/react-17.0.2.tgz",
      "integrity": "sha512-gnhPt75i/dq/z3/6q/0asP78D0u592D5L1pd7M8P+dck6Fu/jJeL6iVVK23fptSUZj8Vjf++7wXA8UNclGQcbA==",
      "peer": true,
      "dependencies": {
        "loose-envify": "^1.1.0",
        "object-assign": "^4.1.1"
      },
      "engines": {
        "node": ">=0.10.0"
      }
    },
    "node_modules/react-dom": {
      "version": "17.0.2",
      "resolved": "https://registry.npmjs.org/react-dom/-/react-dom-17.0.2.tgz",
      "integrity": "sha512-s4h96KtLDUQlsENhMn1ar8t2bEa+q/YAtj8pPPdIjPDGBDIVNsrD9aXNWqspUe6AzKCIG0C1HZZLqLV7qpOBGA==",
      "peer": true,
      "dependencies": {
        "loose-envify": "^1.1.0",
        "object-assign": "^4.1.1",
        "scheduler": "^0.20.2"
      },
      "peerDependencies": {
        "react": "17.0.2"
      }
    },
    "node_modules/react-router": {
      "version": "6.23.1",
      "resolved": "https://registry.npmjs.org/react-router/-/react-router-6.23.1.tgz",
      "integrity": "sha512-fzcOaRF69uvqbbM7OhvQyBTFDVrrGlsFdS3AL+1KfIBtGETibHzi3FkoTRyiDJnWNc2VxrfvR+657ROHjaNjqQ==",
      "peer": true,
      "dependencies": {
        "@remix-run/router": "1.16.1"
      },
      "engines": {
        "node": ">=14.0.0"
      },
      "peerDependencies": {
        "react": ">=16.8"
      }
    },
    "node_modules/react-router-dom": {
      "version": "6.23.1",
      "resolved": "https://registry.npmjs.org/react-router-dom/-/react-router-dom-6.23.1.tgz",
      "integrity": "sha512-utP+K+aSTtEdbWpC+4gxhdlPFwuEfDKq8ZrPFU65bbRJY+l706qjR7yaidBpo3MSeA/fzwbXWbKBI6ftOnP3OQ==",
      "peer": true,
      "dependencies": {
        "@remix-run/router": "1.16.1",
        "react-router": "6.23.1"
      },
      "engines": {
        "node": ">=14.0.0"
      },
      "peerDependencies": {
        "react": ">=16.8",
        "react-dom": ">=16.8"
      }
    },
    "node_modules/scheduler": {
      "version": "0.20.2",
      "resolved": "https://registry.npmjs.org/scheduler/-/scheduler-0.20.2.tgz",
      "integrity": "sha512-2eWfGgAqqWFGqtdMmcL5zCMK1U8KlXv8SQFGglL3CEtd0aDVDWgeF/YoCmvln55m5zSk3J/20hTaSBeSObsQDQ==",
      "peer": true,
      "dependencies": {
        "loose-envify": "^1.1.0",
        "object-assign": "^4.1.1"
      }
    },
    "workspace/mongodb": {
      "name": "@ddc-neoris/plugin-mongodb",
      "version": "0.3.30",
      "license": "Apache-2.0",
      "dependencies": {
        "@backstage/catalog-model": "^1.4.5",
        "@backstage/core-components": "^0.14.3",
        "@backstage/core-plugin-api": "^1.9.1",
        "@backstage/plugin-catalog-react": "^1.11.2",
        "@material-ui/core": "^4.12.2",
        "@material-ui/icons": "^4.9.1",
        "@types/react": "^16.13.1 || ^17.0.0 || ^18.0.0",
        "circleci-api": "^4.0.0",
        "humanize-duration": "^3.27.0",
        "lodash": "^4.17.21",
        "luxon": "^3.0.0",
        "react-use": "^17.2.4"
      },
      "devDependencies": {
        "@backstage/cli": "^0.26.2",
        "@backstage/dev-utils": "^1.0.30",
        "@types/humanize-duration": "^3.25.1"
      },
      "peerDependencies": {
        "react": "^16.13.1 || ^17.0.0 || ^18.0.0",
        "react-dom": "^16.13.1 || ^17.0.0 || ^18.0.0",
        "react-router-dom": "6.0.0-beta.0 || ^6.3.0"
      }
    },
    "workspace/mongodb-server": {
      "name": "@ddc-neoris/plugin-mongodb-server",
      "version": "0.4.0-next.0",
      "license": "Apache-2.0",
      "dependencies": {
        "@backstage/backend-common": "^0.21.6",
        "@backstage/backend-plugin-api": "^0.6.16",
        "@backstage/backend-test-utils": "^0.3.6",
        "@backstage/catalog-client": "^1.6.3",
        "@backstage/catalog-model": "^1.4.5",
        "@backstage/cli": "^0.26.2",
        "@backstage/config": "^1.2.0",
        "@backstage/errors": "^1.2.4",
        "@backstage/plugin-auth-node": "^0.4.11",
        "@backstage/plugin-catalog-node": "^1.11.0",
        "@backstage/plugin-jenkins-common": "^0.1.25",
        "@backstage/plugin-permission-common": "^0.7.13",
        "@backstage/plugin-permission-node": "^0.7.27",
        "@types/express": "^4.17.6",
        "@types/jenkins": "^1.0.0",
        "@types/mssql": "^9.1.5",
        "@types/mysql": "^2.15.21",
        "@types/supertest": "^2.0.8",
        "express": "^4.17.1",
        "express-promise-router": "^4.1.0",
        "jenkins": "^1.0.0",
        "mongoose": "^8.2.0",
        "mssql": "^10.0.2",
        "mysql": "^2.18.1",
        "node-fetch": "^2.6.7",
        "winston": "^3.2.1",
        "yn": "^4.0.0"
      }
    },
    "workspace/mongodb-server/node_modules/@backstage/backend-common": {},
    "workspace/mongodb-server/node_modules/@backstage/backend-plugin-api": {},
    "workspace/mongodb-server/node_modules/@backstage/backend-test-utils": {},
    "workspace/mongodb-server/node_modules/@backstage/catalog-client": {},
    "workspace/mongodb-server/node_modules/@backstage/catalog-model": {},
    "workspace/mongodb-server/node_modules/@backstage/cli": {},
    "workspace/mongodb-server/node_modules/@backstage/config": {},
    "workspace/mongodb-server/node_modules/@backstage/errors": {},
    "workspace/mongodb-server/node_modules/@backstage/plugin-auth-node": {},
    "workspace/mongodb-server/node_modules/@backstage/plugin-catalog-node": {},
    "workspace/mongodb-server/node_modules/@backstage/plugin-jenkins-common": {},
    "workspace/mongodb-server/node_modules/@backstage/plugin-permission-common": {},
    "workspace/mongodb-server/node_modules/@backstage/plugin-permission-node": {},
    "workspace/mongodb-server/node_modules/@types/express": {},
    "workspace/mongodb-server/node_modules/@types/jenkins": {},
    "workspace/mongodb-server/node_modules/@types/mssql": {},
    "workspace/mongodb-server/node_modules/@types/mysql": {},
    "workspace/mongodb-server/node_modules/@types/supertest": {},
    "workspace/mongodb-server/node_modules/express": {},
    "workspace/mongodb-server/node_modules/express-promise-router": {},
    "workspace/mongodb-server/node_modules/jenkins": {},
    "workspace/mongodb-server/node_modules/mongoose": {},
    "workspace/mongodb-server/node_modules/mssql": {},
    "workspace/mongodb-server/node_modules/mysql": {},
    "workspace/mongodb-server/node_modules/node-fetch": {},
    "workspace/mongodb-server/node_modules/winston": {},
    "workspace/mongodb-server/node_modules/yn": {},
    "workspace/mongodb/node_modules/@backstage/catalog-model": {},
    "workspace/mongodb/node_modules/@backstage/cli": {
      "dev": true
    },
    "workspace/mongodb/node_modules/@backstage/core-components": {},
    "workspace/mongodb/node_modules/@backstage/core-plugin-api": {},
    "workspace/mongodb/node_modules/@backstage/dev-utils": {
      "dev": true
    },
    "workspace/mongodb/node_modules/@backstage/plugin-catalog-react": {},
    "workspace/mongodb/node_modules/@material-ui/core": {},
    "workspace/mongodb/node_modules/@material-ui/icons": {},
    "workspace/mongodb/node_modules/@types/humanize-duration": {
      "dev": true
    },
    "workspace/mongodb/node_modules/@types/react": {},
    "workspace/mongodb/node_modules/circleci-api": {},
    "workspace/mongodb/node_modules/humanize-duration": {},
    "workspace/mongodb/node_modules/lodash": {},
    "workspace/mongodb/node_modules/luxon": {},
    "workspace/mongodb/node_modules/react-use": {},
    "workspace/oracle": {
      "name": "@ddc-neoris/plugin-oracle",
      "version": "0.3.30",
      "license": "Apache-2.0",
      "dependencies": {
        "@backstage/catalog-model": "^1.4.5",
        "@backstage/core-components": "^0.14.3",
        "@backstage/core-plugin-api": "^1.9.1",
        "@backstage/plugin-catalog-react": "^1.11.2",
        "@material-ui/core": "^4.12.2",
        "@material-ui/icons": "^4.9.1",
        "@types/react": "^16.13.1 || ^17.0.0 || ^18.0.0",
        "humanize-duration": "^3.27.0",
        "lodash": "^4.17.21",
        "luxon": "^3.0.0",
        "react-use": "^17.2.4"
      },
      "devDependencies": {
        "@backstage/cli": "^0.26.2",
        "@backstage/dev-utils": "^1.0.30",
        "@types/humanize-duration": "^3.25.1"
      },
      "peerDependencies": {
        "react": "^16.13.1 || ^17.0.0 || ^18.0.0",
        "react-dom": "^16.13.1 || ^17.0.0 || ^18.0.0",
        "react-router-dom": "6.0.0-beta.0 || ^6.3.0"
      }
    },
    "workspace/oracle-backend": {
      "name": "@ddc-neoris/plugin-oracle-backend",
      "version": "0.4.0-next.0",
      "license": "Apache-2.0",
      "dependencies": {
        "@backstage/backend-common": "^0.21.6",
        "@backstage/backend-plugin-api": "^0.6.16",
        "@backstage/backend-test-utils": "^0.3.6",
        "@backstage/catalog-client": "^1.6.3",
        "@backstage/catalog-model": "^1.4.5",
        "@backstage/cli": "^0.26.2",
        "@backstage/config": "^1.2.0",
        "@backstage/errors": "^1.2.4",
        "@backstage/plugin-auth-node": "^0.4.11",
        "@backstage/plugin-catalog-node": "^1.11.0",
        "@backstage/plugin-permission-common": "^0.7.13",
        "@backstage/plugin-permission-node": "^0.7.27",
        "@types/express": "^4.17.6",
        "@types/supertest": "^2.0.8",
        "express": "^4.17.1",
        "express-promise-router": "^4.1.0",
        "mongoose": "^8.2.0",
        "mssql": "^10.0.2",
        "mysql": "^2.18.1",
        "node-fetch": "^2.6.7",
        "winston": "^3.2.1",
        "yn": "^4.0.0"
      }
    },
    "workspace/oracle-backend/node_modules/@backstage/backend-common": {},
    "workspace/oracle-backend/node_modules/@backstage/backend-plugin-api": {},
    "workspace/oracle-backend/node_modules/@backstage/backend-test-utils": {},
    "workspace/oracle-backend/node_modules/@backstage/catalog-client": {},
    "workspace/oracle-backend/node_modules/@backstage/catalog-model": {},
    "workspace/oracle-backend/node_modules/@backstage/cli": {},
    "workspace/oracle-backend/node_modules/@backstage/config": {},
    "workspace/oracle-backend/node_modules/@backstage/errors": {},
    "workspace/oracle-backend/node_modules/@backstage/plugin-auth-node": {},
    "workspace/oracle-backend/node_modules/@backstage/plugin-catalog-node": {},
    "workspace/oracle-backend/node_modules/@backstage/plugin-permission-common": {},
    "workspace/oracle-backend/node_modules/@backstage/plugin-permission-node": {},
    "workspace/oracle-backend/node_modules/@types/express": {},
    "workspace/oracle-backend/node_modules/@types/supertest": {},
    "workspace/oracle-backend/node_modules/express": {},
    "workspace/oracle-backend/node_modules/express-promise-router": {},
    "workspace/oracle-backend/node_modules/mongoose": {},
    "workspace/oracle-backend/node_modules/mssql": {},
    "workspace/oracle-backend/node_modules/mysql": {},
    "workspace/oracle-backend/node_modules/node-fetch": {},
    "workspace/oracle-backend/node_modules/winston": {},
    "workspace/oracle-backend/node_modules/yn": {},
    "workspace/oracle/node_modules/@backstage/catalog-model": {},
    "workspace/oracle/node_modules/@backstage/cli": {
      "dev": true
    },
    "workspace/oracle/node_modules/@backstage/core-components": {},
    "workspace/oracle/node_modules/@backstage/core-plugin-api": {},
    "workspace/oracle/node_modules/@backstage/dev-utils": {
      "dev": true
    },
    "workspace/oracle/node_modules/@backstage/plugin-catalog-react": {},
    "workspace/oracle/node_modules/@material-ui/core": {},
    "workspace/oracle/node_modules/@material-ui/icons": {},
    "workspace/oracle/node_modules/@types/humanize-duration": {
      "dev": true
    },
    "workspace/oracle/node_modules/@types/react": {},
    "workspace/oracle/node_modules/humanize-duration": {},
    "workspace/oracle/node_modules/lodash": {},
    "workspace/oracle/node_modules/luxon": {},
    "workspace/oracle/node_modules/react-use": {},
    "workspace/sql": {
      "name": "@ddc-neoris/plugin-sql",
      "version": "0.3.30",
      "license": "Apache-2.0",
      "dependencies": {
        "@backstage/catalog-model": "^1.4.5",
        "@backstage/core-components": "^0.14.3",
        "@backstage/core-plugin-api": "^1.9.1",
        "@backstage/plugin-catalog-react": "^1.11.2",
        "@material-ui/core": "^4.12.2",
        "@material-ui/icons": "^4.9.1",
        "@types/react": "^16.13.1 || ^17.0.0 || ^18.0.0",
        "circleci-api": "^4.0.0",
        "humanize-duration": "^3.27.0",
        "lodash": "^4.17.21",
        "luxon": "^3.0.0",
        "react-use": "^17.2.4"
      },
      "devDependencies": {
        "@backstage/cli": "^0.26.2",
        "@backstage/dev-utils": "^1.0.30",
        "@types/humanize-duration": "^3.25.1"
      },
      "peerDependencies": {
        "react": "^16.13.1 || ^17.0.0 || ^18.0.0",
        "react-dom": "^16.13.1 || ^17.0.0 || ^18.0.0",
        "react-router-dom": "6.0.0-beta.0 || ^6.3.0"
      }
    },
    "workspace/sql-server": {
      "name": "@ddc-neoris/plugin-sql-server",
      "version": "0.4.0-next.0",
      "license": "Apache-2.0",
      "dependencies": {
        "@backstage/backend-common": "^0.21.6",
        "@backstage/backend-plugin-api": "^0.6.16",
        "@backstage/backend-test-utils": "^0.3.6",
        "@backstage/catalog-client": "^1.6.3",
        "@backstage/catalog-model": "^1.4.5",
        "@backstage/cli": "^0.26.2",
        "@backstage/config": "^1.2.0",
        "@backstage/errors": "^1.2.4",
        "@backstage/plugin-auth-node": "^0.4.11",
        "@backstage/plugin-catalog-node": "^1.11.0",
        "@backstage/plugin-jenkins-common": "^0.1.25",
        "@backstage/plugin-permission-common": "^0.7.13",
        "@backstage/plugin-permission-node": "^0.7.27",
        "@types/express": "^4.17.6",
        "@types/jenkins": "^1.0.0",
        "@types/mssql": "^9.1.5",
        "@types/mysql": "^2.15.21",
        "@types/supertest": "^2.0.8",
        "express": "^4.17.1",
        "express-promise-router": "^4.1.0",
        "jenkins": "^1.0.0",
        "mongoose": "^8.2.0",
        "mssql": "^10.0.2",
        "mysql": "^2.18.1",
        "node-fetch": "^2.6.7",
        "winston": "^3.2.1",
        "yn": "^4.0.0"
      }
    },
    "workspace/sql-server/node_modules/@backstage/backend-common": {},
    "workspace/sql-server/node_modules/@backstage/backend-plugin-api": {},
    "workspace/sql-server/node_modules/@backstage/backend-test-utils": {},
    "workspace/sql-server/node_modules/@backstage/catalog-client": {},
    "workspace/sql-server/node_modules/@backstage/catalog-model": {},
    "workspace/sql-server/node_modules/@backstage/cli": {},
    "workspace/sql-server/node_modules/@backstage/config": {},
    "workspace/sql-server/node_modules/@backstage/errors": {},
    "workspace/sql-server/node_modules/@backstage/plugin-auth-node": {},
    "workspace/sql-server/node_modules/@backstage/plugin-catalog-node": {},
    "workspace/sql-server/node_modules/@backstage/plugin-jenkins-common": {},
    "workspace/sql-server/node_modules/@backstage/plugin-permission-common": {},
    "workspace/sql-server/node_modules/@backstage/plugin-permission-node": {},
    "workspace/sql-server/node_modules/@types/express": {},
    "workspace/sql-server/node_modules/@types/jenkins": {},
    "workspace/sql-server/node_modules/@types/mssql": {},
    "workspace/sql-server/node_modules/@types/mysql": {},
    "workspace/sql-server/node_modules/@types/supertest": {},
    "workspace/sql-server/node_modules/express": {},
    "workspace/sql-server/node_modules/express-promise-router": {},
    "workspace/sql-server/node_modules/jenkins": {},
    "workspace/sql-server/node_modules/mongoose": {},
    "workspace/sql-server/node_modules/mssql": {},
    "workspace/sql-server/node_modules/mysql": {},
    "workspace/sql-server/node_modules/node-fetch": {},
    "workspace/sql-server/node_modules/winston": {},
    "workspace/sql-server/node_modules/yn": {},
    "workspace/sql/node_modules/@backstage/catalog-model": {},
    "workspace/sql/node_modules/@backstage/cli": {
      "dev": true
    },
    "workspace/sql/node_modules/@backstage/core-components": {},
    "workspace/sql/node_modules/@backstage/core-plugin-api": {},
    "workspace/sql/node_modules/@backstage/dev-utils": {
      "dev": true
    },
    "workspace/sql/node_modules/@backstage/plugin-catalog-react": {},
    "workspace/sql/node_modules/@material-ui/core": {},
    "workspace/sql/node_modules/@material-ui/icons": {},
    "workspace/sql/node_modules/@types/humanize-duration": {
      "dev": true
    },
    "workspace/sql/node_modules/@types/react": {},
    "workspace/sql/node_modules/circleci-api": {},
    "workspace/sql/node_modules/humanize-duration": {},
    "workspace/sql/node_modules/lodash": {},
    "workspace/sql/node_modules/luxon": {},
    "workspace/sql/node_modules/react-use": {}
  }
}
